// !$*UTF8*$!
{
	archiveVersion = 1;
	classes = {
	};
	objectVersion = 46;
	objects = {

/* Begin PBXBuildFile section */
		3606A8C01D7FA4FC00DDF3EF /* AVFoundationController.m in Sources */ = {isa = PBXBuildFile; fileRef = 3606A8BF1D7FA4FC00DDF3EF /* AVFoundationController.m */; };
		3606A8C31D7FA6BB00DDF3EF /* QRCodeViewController.m in Sources */ = {isa = PBXBuildFile; fileRef = 3606A8C21D7FA6BB00DDF3EF /* QRCodeViewController.m */; };
		3606A8C61D7FABF200DDF3EF /* contact_scanframe@2x.png in Resources */ = {isa = PBXBuildFile; fileRef = 3606A8C41D7FABF200DDF3EF /* contact_scanframe@2x.png */; };
		3606A8C71D7FABF200DDF3EF /* contact_scanframe@3x.png in Resources */ = {isa = PBXBuildFile; fileRef = 3606A8C51D7FABF200DDF3EF /* contact_scanframe@3x.png */; };
		3606A8C91D7FAC0F00DDF3EF /* line@2x.png in Resources */ = {isa = PBXBuildFile; fileRef = 3606A8C81D7FAC0F00DDF3EF /* line@2x.png */; };
		3606A8D41D7FACB200DDF3EF /* ALView+PureLayout.m in Sources */ = {isa = PBXBuildFile; fileRef = 3606A8CC1D7FACB200DDF3EF /* ALView+PureLayout.m */; };
		3606A8D51D7FACB200DDF3EF /* NSArray+PureLayout.m in Sources */ = {isa = PBXBuildFile; fileRef = 3606A8CE1D7FACB200DDF3EF /* NSArray+PureLayout.m */; };
		3606A8D61D7FACB200DDF3EF /* NSLayoutConstraint+PureLayout.m in Sources */ = {isa = PBXBuildFile; fileRef = 3606A8D01D7FACB200DDF3EF /* NSLayoutConstraint+PureLayout.m */; };
		3606A8D81D7FF95200DDF3EF /* prefsIndex.png in Resources */ = {isa = PBXBuildFile; fileRef = 3606A8D71D7FF95200DDF3EF /* prefsIndex.png */; };
		365149EF1D7A60330047BDBC /* README.md in Sources */ = {isa = PBXBuildFile; fileRef = 365149EE1D7A60330047BDBC /* README.md */; };
		365149F11D7A61560047BDBC /* README.md in Sources */ = {isa = PBXBuildFile; fileRef = 365149F01D7A61560047BDBC /* README.md */; };
		365149F51D7A64640047BDBC /* AnimatedImageViewController.m in Sources */ = {isa = PBXBuildFile; fileRef = 365149F41D7A64640047BDBC /* AnimatedImageViewController.m */; };
		365149F91D7A651B0047BDBC /* 启动页_1242x2208.png in Resources */ = {isa = PBXBuildFile; fileRef = 365149F61D7A651B0047BDBC /* 启动页_1242x2208.png */; };
		365149FA1D7A651B0047BDBC /* GetDeviceAllInfo.m in Sources */ = {isa = PBXBuildFile; fileRef = 365149F81D7A651B0047BDBC /* GetDeviceAllInfo.m */; };
		365149FF1D7A68280047BDBC /* UIImage+Extend.m in Sources */ = {isa = PBXBuildFile; fileRef = 365149FE1D7A68280047BDBC /* UIImage+Extend.m */; };
		36514A011D7A6C8A0047BDBC /* README.md in Sources */ = {isa = PBXBuildFile; fileRef = 36514A001D7A6C8A0047BDBC /* README.md */; };
		36514A051D7A74E00047BDBC /* CreateAnimatedViewController.m in Sources */ = {isa = PBXBuildFile; fileRef = 36514A041D7A74E00047BDBC /* CreateAnimatedViewController.m */; };
		36514A211D7A75530047BDBC /* addcamera_loading10@2x.png in Resources */ = {isa = PBXBuildFile; fileRef = 36514A071D7A75530047BDBC /* addcamera_loading10@2x.png */; };
		36514A221D7A75530047BDBC /* addcamera_loading10@3x.png in Resources */ = {isa = PBXBuildFile; fileRef = 36514A081D7A75530047BDBC /* addcamera_loading10@3x.png */; };
		36514A231D7A75530047BDBC /* addcamera_loading11@2x.png in Resources */ = {isa = PBXBuildFile; fileRef = 36514A091D7A75530047BDBC /* addcamera_loading11@2x.png */; };
		36514A241D7A75530047BDBC /* addcamera_loading11@3x.png in Resources */ = {isa = PBXBuildFile; fileRef = 36514A0A1D7A75530047BDBC /* addcamera_loading11@3x.png */; };
		36514A251D7A75530047BDBC /* addcamera_loading12@2x.png in Resources */ = {isa = PBXBuildFile; fileRef = 36514A0B1D7A75530047BDBC /* addcamera_loading12@2x.png */; };
		36514A261D7A75530047BDBC /* addcamera_loading12@3x.png in Resources */ = {isa = PBXBuildFile; fileRef = 36514A0C1D7A75530047BDBC /* addcamera_loading12@3x.png */; };
		36514A271D7A75530047BDBC /* addcamera_loading13@2x.png in Resources */ = {isa = PBXBuildFile; fileRef = 36514A0D1D7A75530047BDBC /* addcamera_loading13@2x.png */; };
		36514A281D7A75530047BDBC /* addcamera_loading13@3x.png in Resources */ = {isa = PBXBuildFile; fileRef = 36514A0E1D7A75530047BDBC /* addcamera_loading13@3x.png */; };
		36514A291D7A75530047BDBC /* addcamera_loading1@2x.png in Resources */ = {isa = PBXBuildFile; fileRef = 36514A0F1D7A75530047BDBC /* addcamera_loading1@2x.png */; };
		36514A2A1D7A75530047BDBC /* addcamera_loading1@3x.png in Resources */ = {isa = PBXBuildFile; fileRef = 36514A101D7A75530047BDBC /* addcamera_loading1@3x.png */; };
		36514A2B1D7A75530047BDBC /* addcamera_loading2@2x.png in Resources */ = {isa = PBXBuildFile; fileRef = 36514A111D7A75530047BDBC /* addcamera_loading2@2x.png */; };
		36514A2C1D7A75530047BDBC /* addcamera_loading2@3x.png in Resources */ = {isa = PBXBuildFile; fileRef = 36514A121D7A75530047BDBC /* addcamera_loading2@3x.png */; };
		36514A2D1D7A75530047BDBC /* addcamera_loading3@2x.png in Resources */ = {isa = PBXBuildFile; fileRef = 36514A131D7A75530047BDBC /* addcamera_loading3@2x.png */; };
		36514A2E1D7A75530047BDBC /* addcamera_loading3@3x.png in Resources */ = {isa = PBXBuildFile; fileRef = 36514A141D7A75530047BDBC /* addcamera_loading3@3x.png */; };
		36514A2F1D7A75530047BDBC /* addcamera_loading4@2x.png in Resources */ = {isa = PBXBuildFile; fileRef = 36514A151D7A75530047BDBC /* addcamera_loading4@2x.png */; };
		36514A301D7A75530047BDBC /* addcamera_loading4@3x.png in Resources */ = {isa = PBXBuildFile; fileRef = 36514A161D7A75530047BDBC /* addcamera_loading4@3x.png */; };
		36514A311D7A75530047BDBC /* addcamera_loading5@2x.png in Resources */ = {isa = PBXBuildFile; fileRef = 36514A171D7A75530047BDBC /* addcamera_loading5@2x.png */; };
		36514A321D7A75530047BDBC /* addcamera_loading5@3x.png in Resources */ = {isa = PBXBuildFile; fileRef = 36514A181D7A75530047BDBC /* addcamera_loading5@3x.png */; };
		36514A331D7A75530047BDBC /* addcamera_loading6@2x.png in Resources */ = {isa = PBXBuildFile; fileRef = 36514A191D7A75530047BDBC /* addcamera_loading6@2x.png */; };
		36514A341D7A75530047BDBC /* addcamera_loading6@3x.png in Resources */ = {isa = PBXBuildFile; fileRef = 36514A1A1D7A75530047BDBC /* addcamera_loading6@3x.png */; };
		36514A351D7A75530047BDBC /* addcamera_loading7@2x.png in Resources */ = {isa = PBXBuildFile; fileRef = 36514A1B1D7A75530047BDBC /* addcamera_loading7@2x.png */; };
		36514A361D7A75530047BDBC /* addcamera_loading7@3x.png in Resources */ = {isa = PBXBuildFile; fileRef = 36514A1C1D7A75530047BDBC /* addcamera_loading7@3x.png */; };
		36514A371D7A75530047BDBC /* addcamera_loading8@2x.png in Resources */ = {isa = PBXBuildFile; fileRef = 36514A1D1D7A75530047BDBC /* addcamera_loading8@2x.png */; };
		36514A381D7A75530047BDBC /* addcamera_loading8@3x.png in Resources */ = {isa = PBXBuildFile; fileRef = 36514A1E1D7A75530047BDBC /* addcamera_loading8@3x.png */; };
		36514A391D7A75530047BDBC /* addcamera_loading9@2x.png in Resources */ = {isa = PBXBuildFile; fileRef = 36514A1F1D7A75530047BDBC /* addcamera_loading9@2x.png */; };
		36514A3A1D7A75530047BDBC /* addcamera_loading9@3x.png in Resources */ = {isa = PBXBuildFile; fileRef = 36514A201D7A75530047BDBC /* addcamera_loading9@3x.png */; };
		36514A4A1D7A799C0047BDBC /* NSString+Additions.m in Sources */ = {isa = PBXBuildFile; fileRef = 36514A3D1D7A799C0047BDBC /* NSString+Additions.m */; };
		36514A4B1D7A799C0047BDBC /* UIControl+Additions.m in Sources */ = {isa = PBXBuildFile; fileRef = 36514A401D7A799C0047BDBC /* UIControl+Additions.m */; };
		36514A4C1D7A799C0047BDBC /* UIImage+Rotate_Flip.m in Sources */ = {isa = PBXBuildFile; fileRef = 36514A431D7A799C0047BDBC /* UIImage+Rotate_Flip.m */; };
		36514A4D1D7A799C0047BDBC /* UIScreen+Additions.m in Sources */ = {isa = PBXBuildFile; fileRef = 36514A461D7A799C0047BDBC /* UIScreen+Additions.m */; };
		36514A4E1D7A799C0047BDBC /* UIView+Extend.m in Sources */ = {isa = PBXBuildFile; fileRef = 36514A491D7A799C0047BDBC /* UIView+Extend.m */; };
		36514A571D7A7A560047BDBC /* MBProgressHUD+Extend.m in Sources */ = {isa = PBXBuildFile; fileRef = 36514A511D7A7A560047BDBC /* MBProgressHUD+Extend.m */; };
		36514A581D7A7A560047BDBC /* MBProgressHUD.m in Sources */ = {isa = PBXBuildFile; fileRef = 36514A531D7A7A560047BDBC /* MBProgressHUD.m */; };
		36514A591D7A7A560047BDBC /* UIView+Toast.m in Sources */ = {isa = PBXBuildFile; fileRef = 36514A561D7A7A560047BDBC /* UIView+Toast.m */; };
		36514A611D7A7A970047BDBC /* BlockButton.m in Sources */ = {isa = PBXBuildFile; fileRef = 36514A601D7A7A970047BDBC /* BlockButton.m */; };
		36514A761D7AA0210047BDBC /* NoteViewController.m in Sources */ = {isa = PBXBuildFile; fileRef = 36514A751D7AA0210047BDBC /* NoteViewController.m */; };
		36514A941D7AB63D0047BDBC /* checkbox_nor@2x.png in Resources */ = {isa = PBXBuildFile; fileRef = 36514A8C1D7AB63D0047BDBC /* checkbox_nor@2x.png */; };
		36514A951D7AB63D0047BDBC /* checkbox_nor@3x.png in Resources */ = {isa = PBXBuildFile; fileRef = 36514A8D1D7AB63D0047BDBC /* checkbox_nor@3x.png */; };
		36514A961D7AB63D0047BDBC /* checkbox_pay@2x.png in Resources */ = {isa = PBXBuildFile; fileRef = 36514A8E1D7AB63D0047BDBC /* checkbox_pay@2x.png */; };
		36514A971D7AB63D0047BDBC /* checkbox_pay@3x.png in Resources */ = {isa = PBXBuildFile; fileRef = 36514A8F1D7AB63D0047BDBC /* checkbox_pay@3x.png */; };
		36514A981D7AB63D0047BDBC /* CommonMode.m in Sources */ = {isa = PBXBuildFile; fileRef = 36514A911D7AB63D0047BDBC /* CommonMode.m */; };
		36514A991D7AB63D0047BDBC /* NoteView.m in Sources */ = {isa = PBXBuildFile; fileRef = 36514A931D7AB63D0047BDBC /* NoteView.m */; };
		36514AA01D7AB8EC0047BDBC /* OverviewStructureController1.m in Sources */ = {isa = PBXBuildFile; fileRef = 36514A9F1D7AB8EC0047BDBC /* OverviewStructureController1.m */; };
		367830011D1D372C00D294DD /* NSObject+modelConvertDic.m in Sources */ = {isa = PBXBuildFile; fileRef = 367830001D1D372C00D294DD /* NSObject+modelConvertDic.m */; };
		367B39B21D0E614900443974 /* FLAnimatedImage.m in Sources */ = {isa = PBXBuildFile; fileRef = 367B39AE1D0E614900443974 /* FLAnimatedImage.m */; };
		367B39B31D0E614900443974 /* FLAnimatedImageView.m in Sources */ = {isa = PBXBuildFile; fileRef = 367B39B01D0E614900443974 /* FLAnimatedImageView.m */; };
		367B39B41D0E614900443974 /* Info.plist in Resources */ = {isa = PBXBuildFile; fileRef = 367B39B11D0E614900443974 /* Info.plist */; };
		367B39B71D0E622A00443974 /* rock.gif in Resources */ = {isa = PBXBuildFile; fileRef = 367B39B61D0E622A00443974 /* rock.gif */; };
		36C891701D0CEAE100DC86E0 /* main.m in Sources */ = {isa = PBXBuildFile; fileRef = 36C8916F1D0CEAE100DC86E0 /* main.m */; };
		36C891731D0CEAE100DC86E0 /* AppDelegate.m in Sources */ = {isa = PBXBuildFile; fileRef = 36C891721D0CEAE100DC86E0 /* AppDelegate.m */; };
		36C891761D0CEAE100DC86E0 /* ViewController.m in Sources */ = {isa = PBXBuildFile; fileRef = 36C891751D0CEAE100DC86E0 /* ViewController.m */; };
		36C891791D0CEAE100DC86E0 /* Main.storyboard in Resources */ = {isa = PBXBuildFile; fileRef = 36C891771D0CEAE100DC86E0 /* Main.storyboard */; };
		36C8917B1D0CEAE100DC86E0 /* Assets.xcassets in Resources */ = {isa = PBXBuildFile; fileRef = 36C8917A1D0CEAE100DC86E0 /* Assets.xcassets */; };
		36C8917E1D0CEAE100DC86E0 /* LaunchScreen.storyboard in Resources */ = {isa = PBXBuildFile; fileRef = 36C8917C1D0CEAE100DC86E0 /* LaunchScreen.storyboard */; };
		36C891DE1D0CEB6F00DC86E0 /* UINavigationController+FDFullscreenPopGesture.m in Sources */ = {isa = PBXBuildFile; fileRef = 36C891DA1D0CEB6F00DC86E0 /* UINavigationController+FDFullscreenPopGesture.m */; };
		36C892071D0CEB9900DC86E0 /* Default@3x.png in Resources */ = {isa = PBXBuildFile; fileRef = 36C891E41D0CEB9900DC86E0 /* Default@3x.png */; };
		36C892081D0CEB9900DC86E0 /* findhome_1455525720807.png in Resources */ = {isa = PBXBuildFile; fileRef = 36C891E61D0CEB9900DC86E0 /* findhome_1455525720807.png */; };
		36C892091D0CEB9900DC86E0 /* findhome_20160126194705meishi.png in Resources */ = {isa = PBXBuildFile; fileRef = 36C891E71D0CEB9900DC86E0 /* findhome_20160126194705meishi.png */; };
		36C8920A1D0CEB9900DC86E0 /* findhome_20160126202805dianying.png in Resources */ = {isa = PBXBuildFile; fileRef = 36C891E81D0CEB9900DC86E0 /* findhome_20160126202805dianying.png */; };
		36C8920B1D0CEB9900DC86E0 /* findhome_20160126202946liren.png in Resources */ = {isa = PBXBuildFile; fileRef = 36C891E91D0CEB9900DC86E0 /* findhome_20160126202946liren.png */; };
		36C8920C1D0CEB9900DC86E0 /* findhome_20160126203103xiuxianyule.png in Resources */ = {isa = PBXBuildFile; fileRef = 36C891EA1D0CEB9900DC86E0 /* findhome_20160126203103xiuxianyule.png */; };
		36C8920D1D0CEB9900DC86E0 /* findhome_20160126203251waimai.png in Resources */ = {isa = PBXBuildFile; fileRef = 36C891EB1D0CEB9900DC86E0 /* findhome_20160126203251waimai.png */; };
		36C8920E1D0CEB9900DC86E0 /* findhome_20160126203337jiudian.png in Resources */ = {isa = PBXBuildFile; fileRef = 36C891EC1D0CEB9900DC86E0 /* findhome_20160126203337jiudian.png */; };
		36C8920F1D0CEB9900DC86E0 /* findhome_20160126203416jipiao.png in Resources */ = {isa = PBXBuildFile; fileRef = 36C891ED1D0CEB9900DC86E0 /* findhome_20160126203416jipiao.png */; };
		36C892101D0CEB9900DC86E0 /* findhome_20160126203440zhoubianyou.png in Resources */ = {isa = PBXBuildFile; fileRef = 36C891EE1D0CEB9900DC86E0 /* findhome_20160126203440zhoubianyou.png */; };
		36C892111D0CEB9900DC86E0 /* findhome_20160126203542ktv.png in Resources */ = {isa = PBXBuildFile; fileRef = 36C891EF1D0CEB9900DC86E0 /* findhome_20160126203542ktv.png */; };
		36C892121D0CEB9900DC86E0 /* findhome_20160126203617jianshen.png in Resources */ = {isa = PBXBuildFile; fileRef = 36C891F01D0CEB9900DC86E0 /* findhome_20160126203617jianshen.png */; };
		36C892131D0CEB9900DC86E0 /* findhome_20160126203648dujia.png in Resources */ = {isa = PBXBuildFile; fileRef = 36C891F11D0CEB9900DC86E0 /* findhome_20160126203648dujia.png */; };
		36C892141D0CEB9900DC86E0 /* findhome_20160126203720gouwu.png in Resources */ = {isa = PBXBuildFile; fileRef = 36C891F21D0CEB9900DC86E0 /* findhome_20160126203720gouwu.png */; };
		36C892151D0CEB9900DC86E0 /* findhome_20160126203742aiche.png in Resources */ = {isa = PBXBuildFile; fileRef = 36C891F31D0CEB9900DC86E0 /* findhome_20160126203742aiche.png */; };
		36C892161D0CEB9900DC86E0 /* findhome_20160126203812daojia.png in Resources */ = {isa = PBXBuildFile; fileRef = 36C891F41D0CEB9900DC86E0 /* findhome_20160126203812daojia.png */; };
		36C892171D0CEB9900DC86E0 /* findhome_20160126203830jiehun.png in Resources */ = {isa = PBXBuildFile; fileRef = 36C891F51D0CEB9900DC86E0 /* findhome_20160126203830jiehun.png */; };
		36C892181D0CEB9900DC86E0 /* findhome_20160126203905qinzi.png in Resources */ = {isa = PBXBuildFile; fileRef = 36C891F61D0CEB9900DC86E0 /* findhome_20160126203905qinzi.png */; };
		36C892191D0CEB9900DC86E0 /* findhome_20160126203923jiazhuang.png in Resources */ = {isa = PBXBuildFile; fileRef = 36C891F71D0CEB9900DC86E0 /* findhome_20160126203923jiazhuang.png */; };
		36C8921A1D0CEB9900DC86E0 /* findhome_20160126204107yanchu.png in Resources */ = {isa = PBXBuildFile; fileRef = 36C891F81D0CEB9900DC86E0 /* findhome_20160126204107yanchu.png */; };
		36C8921B1D0CEB9900DC86E0 /* findhome_20160126204327yiliao.png in Resources */ = {isa = PBXBuildFile; fileRef = 36C891F91D0CEB9900DC86E0 /* findhome_20160126204327yiliao.png */; };
		36C8921C1D0CEB9900DC86E0 /* findhome_20160126205135jingguan.png in Resources */ = {isa = PBXBuildFile; fileRef = 36C891FA1D0CEB9900DC86E0 /* findhome_20160126205135jingguan.png */; };
		36C8921D1D0CEB9900DC86E0 /* findhome_20160126205426shenghuofuwu.png in Resources */ = {isa = PBXBuildFile; fileRef = 36C891FB1D0CEB9900DC86E0 /* findhome_20160126205426shenghuofuwu.png */; };
		36C8921E1D0CEB9900DC86E0 /* findhome_20160128153333hangjia.png in Resources */ = {isa = PBXBuildFile; fileRef = 36C891FC1D0CEB9900DC86E0 /* findhome_20160128153333hangjia.png */; };
		36C8921F1D0CEB9900DC86E0 /* findhome_20160204172927huoguo.png in Resources */ = {isa = PBXBuildFile; fileRef = 36C891FD1D0CEB9900DC86E0 /* findhome_20160204172927huoguo.png */; };
		36C892201D0CEB9900DC86E0 /* findhome_20160204173331xiaochikuaican.png in Resources */ = {isa = PBXBuildFile; fileRef = 36C891FE1D0CEB9900DC86E0 /* findhome_20160204173331xiaochikuaican.png */; };
		36C892211D0CEB9900DC86E0 /* findhome_20160204173511zizhucan.png in Resources */ = {isa = PBXBuildFile; fileRef = 36C891FF1D0CEB9900DC86E0 /* findhome_20160204173511zizhucan.png */; };
		36C892221D0CEB9900DC86E0 /* findhome_20160204184258rihanliaoli.png in Resources */ = {isa = PBXBuildFile; fileRef = 36C892001D0CEB9900DC86E0 /* findhome_20160204184258rihanliaoli.png */; };
		36C892231D0CEB9900DC86E0 /* findhome_20160223203656xiawucha.png in Resources */ = {isa = PBXBuildFile; fileRef = 36C892011D0CEB9900DC86E0 /* findhome_20160223203656xiawucha.png */; };
		36C892241D0CEB9900DC86E0 /* findhome_dot@2x.png in Resources */ = {isa = PBXBuildFile; fileRef = 36C892021D0CEB9900DC86E0 /* findhome_dot@2x.png */; };
		36C892251D0CEB9900DC86E0 /* findhome_dot@3x.png in Resources */ = {isa = PBXBuildFile; fileRef = 36C892031D0CEB9900DC86E0 /* findhome_dot@3x.png */; };
		36C892261D0CEB9900DC86E0 /* findhome_dot_pressed@2x.png in Resources */ = {isa = PBXBuildFile; fileRef = 36C892041D0CEB9900DC86E0 /* findhome_dot_pressed@2x.png */; };
		36C892271D0CEB9900DC86E0 /* findhome_dot_pressed@3x.png in Resources */ = {isa = PBXBuildFile; fileRef = 36C892051D0CEB9900DC86E0 /* findhome_dot_pressed@3x.png */; };
		36C892281D0CEB9900DC86E0 /* findhome_more.png in Resources */ = {isa = PBXBuildFile; fileRef = 36C892061D0CEB9900DC86E0 /* findhome_more.png */; };
/* End PBXBuildFile section */

/* Begin PBXFileReference section */
		3606A8B61D7FA10C00DDF3EF /* DimensMacros.h */ = {isa = PBXFileReference; fileEncoding = 4; lastKnownFileType = sourcecode.c.h; path = DimensMacros.h; sourceTree = "<group>"; };
		3606A8B71D7FA14700DDF3EF /* PathMacros.h */ = {isa = PBXFileReference; fileEncoding = 4; lastKnownFileType = sourcecode.c.h; path = PathMacros.h; sourceTree = "<group>"; };
		3606A8B81D7FA18600DDF3EF /* UtilsMacros.h */ = {isa = PBXFileReference; fileEncoding = 4; lastKnownFileType = sourcecode.c.h; path = UtilsMacros.h; sourceTree = "<group>"; };
		3606A8B91D7FA1E300DDF3EF /* NotificationMacros.h */ = {isa = PBXFileReference; fileEncoding = 4; lastKnownFileType = sourcecode.c.h; path = NotificationMacros.h; sourceTree = "<group>"; };
		3606A8BA1D7FA20E00DDF3EF /* APIStringMacros.h */ = {isa = PBXFileReference; fileEncoding = 4; lastKnownFileType = sourcecode.c.h; path = APIStringMacros.h; sourceTree = "<group>"; };
		3606A8BB1D7FA24800DDF3EF /* Macros.h */ = {isa = PBXFileReference; fileEncoding = 4; lastKnownFileType = sourcecode.c.h; path = Macros.h; sourceTree = "<group>"; };
		3606A8BC1D7FA31900DDF3EF /* UserBehaviorMacros.h */ = {isa = PBXFileReference; fileEncoding = 4; lastKnownFileType = sourcecode.c.h; path = UserBehaviorMacros.h; sourceTree = "<group>"; };
		3606A8BE1D7FA4FC00DDF3EF /* AVFoundationController.h */ = {isa = PBXFileReference; fileEncoding = 4; lastKnownFileType = sourcecode.c.h; path = AVFoundationController.h; sourceTree = "<group>"; };
		3606A8BF1D7FA4FC00DDF3EF /* AVFoundationController.m */ = {isa = PBXFileReference; fileEncoding = 4; lastKnownFileType = sourcecode.c.objc; path = AVFoundationController.m; sourceTree = "<group>"; };
		3606A8C11D7FA6BB00DDF3EF /* QRCodeViewController.h */ = {isa = PBXFileReference; fileEncoding = 4; lastKnownFileType = sourcecode.c.h; path = QRCodeViewController.h; sourceTree = "<group>"; };
		3606A8C21D7FA6BB00DDF3EF /* QRCodeViewController.m */ = {isa = PBXFileReference; fileEncoding = 4; lastKnownFileType = sourcecode.c.objc; path = QRCodeViewController.m; sourceTree = "<group>"; };
		3606A8C41D7FABF200DDF3EF /* contact_scanframe@2x.png */ = {isa = PBXFileReference; lastKnownFileType = image.png; path = "contact_scanframe@2x.png"; sourceTree = "<group>"; };
		3606A8C51D7FABF200DDF3EF /* contact_scanframe@3x.png */ = {isa = PBXFileReference; lastKnownFileType = image.png; path = "contact_scanframe@3x.png"; sourceTree = "<group>"; };
		3606A8C81D7FAC0F00DDF3EF /* line@2x.png */ = {isa = PBXFileReference; lastKnownFileType = image.png; path = "line@2x.png"; sourceTree = "<group>"; };
		3606A8CB1D7FACB200DDF3EF /* ALView+PureLayout.h */ = {isa = PBXFileReference; fileEncoding = 4; lastKnownFileType = sourcecode.c.h; path = "ALView+PureLayout.h"; sourceTree = "<group>"; };
		3606A8CC1D7FACB200DDF3EF /* ALView+PureLayout.m */ = {isa = PBXFileReference; fileEncoding = 4; lastKnownFileType = sourcecode.c.objc; path = "ALView+PureLayout.m"; sourceTree = "<group>"; };
		3606A8CD1D7FACB200DDF3EF /* NSArray+PureLayout.h */ = {isa = PBXFileReference; fileEncoding = 4; lastKnownFileType = sourcecode.c.h; path = "NSArray+PureLayout.h"; sourceTree = "<group>"; };
		3606A8CE1D7FACB200DDF3EF /* NSArray+PureLayout.m */ = {isa = PBXFileReference; fileEncoding = 4; lastKnownFileType = sourcecode.c.objc; path = "NSArray+PureLayout.m"; sourceTree = "<group>"; };
		3606A8CF1D7FACB200DDF3EF /* NSLayoutConstraint+PureLayout.h */ = {isa = PBXFileReference; fileEncoding = 4; lastKnownFileType = sourcecode.c.h; path = "NSLayoutConstraint+PureLayout.h"; sourceTree = "<group>"; };
		3606A8D01D7FACB200DDF3EF /* NSLayoutConstraint+PureLayout.m */ = {isa = PBXFileReference; fileEncoding = 4; lastKnownFileType = sourcecode.c.objc; path = "NSLayoutConstraint+PureLayout.m"; sourceTree = "<group>"; };
		3606A8D11D7FACB200DDF3EF /* PureLayout+Internal.h */ = {isa = PBXFileReference; fileEncoding = 4; lastKnownFileType = sourcecode.c.h; path = "PureLayout+Internal.h"; sourceTree = "<group>"; };
		3606A8D21D7FACB200DDF3EF /* PureLayout.h */ = {isa = PBXFileReference; fileEncoding = 4; lastKnownFileType = sourcecode.c.h; path = PureLayout.h; sourceTree = "<group>"; };
		3606A8D31D7FACB200DDF3EF /* PureLayoutDefines.h */ = {isa = PBXFileReference; fileEncoding = 4; lastKnownFileType = sourcecode.c.h; path = PureLayoutDefines.h; sourceTree = "<group>"; };
		3606A8D71D7FF95200DDF3EF /* prefsIndex.png */ = {isa = PBXFileReference; lastKnownFileType = image.png; path = prefsIndex.png; sourceTree = "<group>"; };
		365149EE1D7A60330047BDBC /* README.md */ = {isa = PBXFileReference; fileEncoding = 4; lastKnownFileType = net.daringfireball.markdown; path = README.md; sourceTree = "<group>"; };
		365149F01D7A61560047BDBC /* README.md */ = {isa = PBXFileReference; fileEncoding = 4; lastKnownFileType = net.daringfireball.markdown; path = README.md; sourceTree = "<group>"; };
		365149F31D7A64640047BDBC /* AnimatedImageViewController.h */ = {isa = PBXFileReference; fileEncoding = 4; lastKnownFileType = sourcecode.c.h; path = AnimatedImageViewController.h; sourceTree = "<group>"; };
		365149F41D7A64640047BDBC /* AnimatedImageViewController.m */ = {isa = PBXFileReference; fileEncoding = 4; lastKnownFileType = sourcecode.c.objc; path = AnimatedImageViewController.m; sourceTree = "<group>"; };
		365149F61D7A651B0047BDBC /* 启动页_1242x2208.png */ = {isa = PBXFileReference; lastKnownFileType = image.png; path = "启动页_1242x2208.png"; sourceTree = "<group>"; };
		365149F71D7A651B0047BDBC /* GetDeviceAllInfo.h */ = {isa = PBXFileReference; fileEncoding = 4; lastKnownFileType = sourcecode.c.h; path = GetDeviceAllInfo.h; sourceTree = "<group>"; };
		365149F81D7A651B0047BDBC /* GetDeviceAllInfo.m */ = {isa = PBXFileReference; fileEncoding = 4; lastKnownFileType = sourcecode.c.objc; path = GetDeviceAllInfo.m; sourceTree = "<group>"; };
		365149FD1D7A68280047BDBC /* UIImage+Extend.h */ = {isa = PBXFileReference; fileEncoding = 4; lastKnownFileType = sourcecode.c.h; name = "UIImage+Extend.h"; path = "Example_Category/Category/UIImage+Extend.h"; sourceTree = SOURCE_ROOT; };
		365149FE1D7A68280047BDBC /* UIImage+Extend.m */ = {isa = PBXFileReference; fileEncoding = 4; lastKnownFileType = sourcecode.c.objc; name = "UIImage+Extend.m"; path = "Example_Category/Category/UIImage+Extend.m"; sourceTree = SOURCE_ROOT; };
		36514A001D7A6C8A0047BDBC /* README.md */ = {isa = PBXFileReference; fileEncoding = 4; lastKnownFileType = net.daringfireball.markdown; path = README.md; sourceTree = "<group>"; };
		36514A031D7A74E00047BDBC /* CreateAnimatedViewController.h */ = {isa = PBXFileReference; fileEncoding = 4; lastKnownFileType = sourcecode.c.h; path = CreateAnimatedViewController.h; sourceTree = "<group>"; };
		36514A041D7A74E00047BDBC /* CreateAnimatedViewController.m */ = {isa = PBXFileReference; fileEncoding = 4; lastKnownFileType = sourcecode.c.objc; path = CreateAnimatedViewController.m; sourceTree = "<group>"; };
		36514A071D7A75530047BDBC /* addcamera_loading10@2x.png */ = {isa = PBXFileReference; lastKnownFileType = image.png; path = "addcamera_loading10@2x.png"; sourceTree = "<group>"; };
		36514A081D7A75530047BDBC /* addcamera_loading10@3x.png */ = {isa = PBXFileReference; lastKnownFileType = image.png; path = "addcamera_loading10@3x.png"; sourceTree = "<group>"; };
		36514A091D7A75530047BDBC /* addcamera_loading11@2x.png */ = {isa = PBXFileReference; lastKnownFileType = image.png; path = "addcamera_loading11@2x.png"; sourceTree = "<group>"; };
		36514A0A1D7A75530047BDBC /* addcamera_loading11@3x.png */ = {isa = PBXFileReference; lastKnownFileType = image.png; path = "addcamera_loading11@3x.png"; sourceTree = "<group>"; };
		36514A0B1D7A75530047BDBC /* addcamera_loading12@2x.png */ = {isa = PBXFileReference; lastKnownFileType = image.png; path = "addcamera_loading12@2x.png"; sourceTree = "<group>"; };
		36514A0C1D7A75530047BDBC /* addcamera_loading12@3x.png */ = {isa = PBXFileReference; lastKnownFileType = image.png; path = "addcamera_loading12@3x.png"; sourceTree = "<group>"; };
		36514A0D1D7A75530047BDBC /* addcamera_loading13@2x.png */ = {isa = PBXFileReference; lastKnownFileType = image.png; path = "addcamera_loading13@2x.png"; sourceTree = "<group>"; };
		36514A0E1D7A75530047BDBC /* addcamera_loading13@3x.png */ = {isa = PBXFileReference; lastKnownFileType = image.png; path = "addcamera_loading13@3x.png"; sourceTree = "<group>"; };
		36514A0F1D7A75530047BDBC /* addcamera_loading1@2x.png */ = {isa = PBXFileReference; lastKnownFileType = image.png; path = "addcamera_loading1@2x.png"; sourceTree = "<group>"; };
		36514A101D7A75530047BDBC /* addcamera_loading1@3x.png */ = {isa = PBXFileReference; lastKnownFileType = image.png; path = "addcamera_loading1@3x.png"; sourceTree = "<group>"; };
		36514A111D7A75530047BDBC /* addcamera_loading2@2x.png */ = {isa = PBXFileReference; lastKnownFileType = image.png; path = "addcamera_loading2@2x.png"; sourceTree = "<group>"; };
		36514A121D7A75530047BDBC /* addcamera_loading2@3x.png */ = {isa = PBXFileReference; lastKnownFileType = image.png; path = "addcamera_loading2@3x.png"; sourceTree = "<group>"; };
		36514A131D7A75530047BDBC /* addcamera_loading3@2x.png */ = {isa = PBXFileReference; lastKnownFileType = image.png; path = "addcamera_loading3@2x.png"; sourceTree = "<group>"; };
		36514A141D7A75530047BDBC /* addcamera_loading3@3x.png */ = {isa = PBXFileReference; lastKnownFileType = image.png; path = "addcamera_loading3@3x.png"; sourceTree = "<group>"; };
		36514A151D7A75530047BDBC /* addcamera_loading4@2x.png */ = {isa = PBXFileReference; lastKnownFileType = image.png; path = "addcamera_loading4@2x.png"; sourceTree = "<group>"; };
		36514A161D7A75530047BDBC /* addcamera_loading4@3x.png */ = {isa = PBXFileReference; lastKnownFileType = image.png; path = "addcamera_loading4@3x.png"; sourceTree = "<group>"; };
		36514A171D7A75530047BDBC /* addcamera_loading5@2x.png */ = {isa = PBXFileReference; lastKnownFileType = image.png; path = "addcamera_loading5@2x.png"; sourceTree = "<group>"; };
		36514A181D7A75530047BDBC /* addcamera_loading5@3x.png */ = {isa = PBXFileReference; lastKnownFileType = image.png; path = "addcamera_loading5@3x.png"; sourceTree = "<group>"; };
		36514A191D7A75530047BDBC /* addcamera_loading6@2x.png */ = {isa = PBXFileReference; lastKnownFileType = image.png; path = "addcamera_loading6@2x.png"; sourceTree = "<group>"; };
		36514A1A1D7A75530047BDBC /* addcamera_loading6@3x.png */ = {isa = PBXFileReference; lastKnownFileType = image.png; path = "addcamera_loading6@3x.png"; sourceTree = "<group>"; };
		36514A1B1D7A75530047BDBC /* addcamera_loading7@2x.png */ = {isa = PBXFileReference; lastKnownFileType = image.png; path = "addcamera_loading7@2x.png"; sourceTree = "<group>"; };
		36514A1C1D7A75530047BDBC /* addcamera_loading7@3x.png */ = {isa = PBXFileReference; lastKnownFileType = image.png; path = "addcamera_loading7@3x.png"; sourceTree = "<group>"; };
		36514A1D1D7A75530047BDBC /* addcamera_loading8@2x.png */ = {isa = PBXFileReference; lastKnownFileType = image.png; path = "addcamera_loading8@2x.png"; sourceTree = "<group>"; };
		36514A1E1D7A75530047BDBC /* addcamera_loading8@3x.png */ = {isa = PBXFileReference; lastKnownFileType = image.png; path = "addcamera_loading8@3x.png"; sourceTree = "<group>"; };
		36514A1F1D7A75530047BDBC /* addcamera_loading9@2x.png */ = {isa = PBXFileReference; lastKnownFileType = image.png; path = "addcamera_loading9@2x.png"; sourceTree = "<group>"; };
		36514A201D7A75530047BDBC /* addcamera_loading9@3x.png */ = {isa = PBXFileReference; lastKnownFileType = image.png; path = "addcamera_loading9@3x.png"; sourceTree = "<group>"; };
		36514A3C1D7A799C0047BDBC /* NSString+Additions.h */ = {isa = PBXFileReference; fileEncoding = 4; lastKnownFileType = sourcecode.c.h; path = "NSString+Additions.h"; sourceTree = "<group>"; };
		36514A3D1D7A799C0047BDBC /* NSString+Additions.m */ = {isa = PBXFileReference; fileEncoding = 4; lastKnownFileType = sourcecode.c.objc; path = "NSString+Additions.m"; sourceTree = "<group>"; };
		36514A3F1D7A799C0047BDBC /* UIControl+Additions.h */ = {isa = PBXFileReference; fileEncoding = 4; lastKnownFileType = sourcecode.c.h; path = "UIControl+Additions.h"; sourceTree = "<group>"; };
		36514A401D7A799C0047BDBC /* UIControl+Additions.m */ = {isa = PBXFileReference; fileEncoding = 4; lastKnownFileType = sourcecode.c.objc; path = "UIControl+Additions.m"; sourceTree = "<group>"; };
		36514A421D7A799C0047BDBC /* UIImage+Rotate_Flip.h */ = {isa = PBXFileReference; fileEncoding = 4; lastKnownFileType = sourcecode.c.h; path = "UIImage+Rotate_Flip.h"; sourceTree = "<group>"; };
		36514A431D7A799C0047BDBC /* UIImage+Rotate_Flip.m */ = {isa = PBXFileReference; fileEncoding = 4; lastKnownFileType = sourcecode.c.objc; path = "UIImage+Rotate_Flip.m"; sourceTree = "<group>"; };
		36514A451D7A799C0047BDBC /* UIScreen+Additions.h */ = {isa = PBXFileReference; fileEncoding = 4; lastKnownFileType = sourcecode.c.h; path = "UIScreen+Additions.h"; sourceTree = "<group>"; };
		36514A461D7A799C0047BDBC /* UIScreen+Additions.m */ = {isa = PBXFileReference; fileEncoding = 4; lastKnownFileType = sourcecode.c.objc; path = "UIScreen+Additions.m"; sourceTree = "<group>"; };
		36514A481D7A799C0047BDBC /* UIView+Extend.h */ = {isa = PBXFileReference; fileEncoding = 4; lastKnownFileType = sourcecode.c.h; path = "UIView+Extend.h"; sourceTree = "<group>"; };
		36514A491D7A799C0047BDBC /* UIView+Extend.m */ = {isa = PBXFileReference; fileEncoding = 4; lastKnownFileType = sourcecode.c.objc; path = "UIView+Extend.m"; sourceTree = "<group>"; };
		36514A501D7A7A560047BDBC /* MBProgressHUD+Extend.h */ = {isa = PBXFileReference; fileEncoding = 4; lastKnownFileType = sourcecode.c.h; path = "MBProgressHUD+Extend.h"; sourceTree = "<group>"; };
		36514A511D7A7A560047BDBC /* MBProgressHUD+Extend.m */ = {isa = PBXFileReference; fileEncoding = 4; lastKnownFileType = sourcecode.c.objc; path = "MBProgressHUD+Extend.m"; sourceTree = "<group>"; };
		36514A521D7A7A560047BDBC /* MBProgressHUD.h */ = {isa = PBXFileReference; fileEncoding = 4; lastKnownFileType = sourcecode.c.h; path = MBProgressHUD.h; sourceTree = "<group>"; };
		36514A531D7A7A560047BDBC /* MBProgressHUD.m */ = {isa = PBXFileReference; fileEncoding = 4; lastKnownFileType = sourcecode.c.objc; path = MBProgressHUD.m; sourceTree = "<group>"; };
		36514A551D7A7A560047BDBC /* UIView+Toast.h */ = {isa = PBXFileReference; fileEncoding = 4; lastKnownFileType = sourcecode.c.h; path = "UIView+Toast.h"; sourceTree = "<group>"; };
		36514A561D7A7A560047BDBC /* UIView+Toast.m */ = {isa = PBXFileReference; fileEncoding = 4; lastKnownFileType = sourcecode.c.objc; path = "UIView+Toast.m"; sourceTree = "<group>"; };
		36514A5F1D7A7A970047BDBC /* BlockButton.h */ = {isa = PBXFileReference; fileEncoding = 4; lastKnownFileType = sourcecode.c.h; path = BlockButton.h; sourceTree = "<group>"; };
		36514A601D7A7A970047BDBC /* BlockButton.m */ = {isa = PBXFileReference; fileEncoding = 4; lastKnownFileType = sourcecode.c.objc; path = BlockButton.m; sourceTree = "<group>"; };
		36514A741D7AA0210047BDBC /* NoteViewController.h */ = {isa = PBXFileReference; fileEncoding = 4; lastKnownFileType = sourcecode.c.h; path = NoteViewController.h; sourceTree = "<group>"; };
		36514A751D7AA0210047BDBC /* NoteViewController.m */ = {isa = PBXFileReference; fileEncoding = 4; lastKnownFileType = sourcecode.c.objc; path = NoteViewController.m; sourceTree = "<group>"; };
		36514A811D7AA3900047BDBC /* MayerPrefixHeader.pch */ = {isa = PBXFileReference; fileEncoding = 4; lastKnownFileType = sourcecode.c.h; path = MayerPrefixHeader.pch; sourceTree = "<group>"; };
		36514A8C1D7AB63D0047BDBC /* checkbox_nor@2x.png */ = {isa = PBXFileReference; lastKnownFileType = image.png; path = "checkbox_nor@2x.png"; sourceTree = "<group>"; };
		36514A8D1D7AB63D0047BDBC /* checkbox_nor@3x.png */ = {isa = PBXFileReference; lastKnownFileType = image.png; path = "checkbox_nor@3x.png"; sourceTree = "<group>"; };
		36514A8E1D7AB63D0047BDBC /* checkbox_pay@2x.png */ = {isa = PBXFileReference; lastKnownFileType = image.png; path = "checkbox_pay@2x.png"; sourceTree = "<group>"; };
		36514A8F1D7AB63D0047BDBC /* checkbox_pay@3x.png */ = {isa = PBXFileReference; lastKnownFileType = image.png; path = "checkbox_pay@3x.png"; sourceTree = "<group>"; };
		36514A901D7AB63D0047BDBC /* CommonMode.h */ = {isa = PBXFileReference; fileEncoding = 4; lastKnownFileType = sourcecode.c.h; name = CommonMode.h; path = NoteView/CommonMode.h; sourceTree = "<group>"; };
		36514A911D7AB63D0047BDBC /* CommonMode.m */ = {isa = PBXFileReference; fileEncoding = 4; lastKnownFileType = sourcecode.c.objc; name = CommonMode.m; path = NoteView/CommonMode.m; sourceTree = "<group>"; };
		36514A921D7AB63D0047BDBC /* NoteView.h */ = {isa = PBXFileReference; fileEncoding = 4; lastKnownFileType = sourcecode.c.h; path = NoteView.h; sourceTree = "<group>"; };
		36514A931D7AB63D0047BDBC /* NoteView.m */ = {isa = PBXFileReference; fileEncoding = 4; lastKnownFileType = sourcecode.c.objc; path = NoteView.m; sourceTree = "<group>"; };
		36514A9E1D7AB8EC0047BDBC /* OverviewStructureController1.h */ = {isa = PBXFileReference; fileEncoding = 4; lastKnownFileType = sourcecode.c.h; path = OverviewStructureController1.h; sourceTree = "<group>"; };
		36514A9F1D7AB8EC0047BDBC /* OverviewStructureController1.m */ = {isa = PBXFileReference; fileEncoding = 4; lastKnownFileType = sourcecode.c.objc; path = OverviewStructureController1.m; sourceTree = "<group>"; };
		36782FFF1D1D372C00D294DD /* NSObject+modelConvertDic.h */ = {isa = PBXFileReference; fileEncoding = 4; lastKnownFileType = sourcecode.c.h; path = "NSObject+modelConvertDic.h"; sourceTree = "<group>"; };
		367830001D1D372C00D294DD /* NSObject+modelConvertDic.m */ = {isa = PBXFileReference; fileEncoding = 4; lastKnownFileType = sourcecode.c.objc; path = "NSObject+modelConvertDic.m"; sourceTree = "<group>"; };
		367B39AD1D0E614900443974 /* FLAnimatedImage.h */ = {isa = PBXFileReference; fileEncoding = 4; lastKnownFileType = sourcecode.c.h; path = FLAnimatedImage.h; sourceTree = "<group>"; };
		367B39AE1D0E614900443974 /* FLAnimatedImage.m */ = {isa = PBXFileReference; fileEncoding = 4; lastKnownFileType = sourcecode.c.objc; path = FLAnimatedImage.m; sourceTree = "<group>"; };
		367B39AF1D0E614900443974 /* FLAnimatedImageView.h */ = {isa = PBXFileReference; fileEncoding = 4; lastKnownFileType = sourcecode.c.h; path = FLAnimatedImageView.h; sourceTree = "<group>"; };
		367B39B01D0E614900443974 /* FLAnimatedImageView.m */ = {isa = PBXFileReference; fileEncoding = 4; lastKnownFileType = sourcecode.c.objc; path = FLAnimatedImageView.m; sourceTree = "<group>"; };
		367B39B11D0E614900443974 /* Info.plist */ = {isa = PBXFileReference; fileEncoding = 4; lastKnownFileType = text.plist.xml; path = Info.plist; sourceTree = "<group>"; };
		367B39B61D0E622A00443974 /* rock.gif */ = {isa = PBXFileReference; lastKnownFileType = image.gif; path = rock.gif; sourceTree = "<group>"; };
		36C8916B1D0CEAE100DC86E0 /* Example_Category.app */ = {isa = PBXFileReference; explicitFileType = wrapper.application; includeInIndex = 0; path = Example_Category.app; sourceTree = BUILT_PRODUCTS_DIR; };
		36C8916F1D0CEAE100DC86E0 /* main.m */ = {isa = PBXFileReference; lastKnownFileType = sourcecode.c.objc; path = main.m; sourceTree = "<group>"; };
		36C891711D0CEAE100DC86E0 /* AppDelegate.h */ = {isa = PBXFileReference; lastKnownFileType = sourcecode.c.h; path = AppDelegate.h; sourceTree = "<group>"; };
		36C891721D0CEAE100DC86E0 /* AppDelegate.m */ = {isa = PBXFileReference; lastKnownFileType = sourcecode.c.objc; path = AppDelegate.m; sourceTree = "<group>"; };
		36C891741D0CEAE100DC86E0 /* ViewController.h */ = {isa = PBXFileReference; lastKnownFileType = sourcecode.c.h; path = ViewController.h; sourceTree = "<group>"; };
		36C891751D0CEAE100DC86E0 /* ViewController.m */ = {isa = PBXFileReference; lastKnownFileType = sourcecode.c.objc; path = ViewController.m; sourceTree = "<group>"; };
		36C891781D0CEAE100DC86E0 /* Base */ = {isa = PBXFileReference; lastKnownFileType = file.storyboard; name = Base; path = Base.lproj/Main.storyboard; sourceTree = "<group>"; };
		36C8917A1D0CEAE100DC86E0 /* Assets.xcassets */ = {isa = PBXFileReference; lastKnownFileType = folder.assetcatalog; path = Assets.xcassets; sourceTree = "<group>"; };
		36C8917D1D0CEAE100DC86E0 /* Base */ = {isa = PBXFileReference; lastKnownFileType = file.storyboard; name = Base; path = Base.lproj/LaunchScreen.storyboard; sourceTree = "<group>"; };
		36C8917F1D0CEAE100DC86E0 /* Info.plist */ = {isa = PBXFileReference; lastKnownFileType = text.plist.xml; path = Info.plist; sourceTree = "<group>"; };
		36C891D91D0CEB6F00DC86E0 /* UINavigationController+FDFullscreenPopGesture.h */ = {isa = PBXFileReference; fileEncoding = 4; lastKnownFileType = sourcecode.c.h; path = "UINavigationController+FDFullscreenPopGesture.h"; sourceTree = "<group>"; };
		36C891DA1D0CEB6F00DC86E0 /* UINavigationController+FDFullscreenPopGesture.m */ = {isa = PBXFileReference; fileEncoding = 4; lastKnownFileType = sourcecode.c.objc; path = "UINavigationController+FDFullscreenPopGesture.m"; sourceTree = "<group>"; };
		36C891E41D0CEB9900DC86E0 /* Default@3x.png */ = {isa = PBXFileReference; lastKnownFileType = image.png; path = "Default@3x.png"; sourceTree = "<group>"; };
		36C891E61D0CEB9900DC86E0 /* findhome_1455525720807.png */ = {isa = PBXFileReference; lastKnownFileType = image.png; path = findhome_1455525720807.png; sourceTree = "<group>"; };
		36C891E71D0CEB9900DC86E0 /* findhome_20160126194705meishi.png */ = {isa = PBXFileReference; lastKnownFileType = image.png; path = findhome_20160126194705meishi.png; sourceTree = "<group>"; };
		36C891E81D0CEB9900DC86E0 /* findhome_20160126202805dianying.png */ = {isa = PBXFileReference; lastKnownFileType = image.png; path = findhome_20160126202805dianying.png; sourceTree = "<group>"; };
		36C891E91D0CEB9900DC86E0 /* findhome_20160126202946liren.png */ = {isa = PBXFileReference; lastKnownFileType = image.png; path = findhome_20160126202946liren.png; sourceTree = "<group>"; };
		36C891EA1D0CEB9900DC86E0 /* findhome_20160126203103xiuxianyule.png */ = {isa = PBXFileReference; lastKnownFileType = image.png; path = findhome_20160126203103xiuxianyule.png; sourceTree = "<group>"; };
		36C891EB1D0CEB9900DC86E0 /* findhome_20160126203251waimai.png */ = {isa = PBXFileReference; lastKnownFileType = image.png; path = findhome_20160126203251waimai.png; sourceTree = "<group>"; };
		36C891EC1D0CEB9900DC86E0 /* findhome_20160126203337jiudian.png */ = {isa = PBXFileReference; lastKnownFileType = image.png; path = findhome_20160126203337jiudian.png; sourceTree = "<group>"; };
		36C891ED1D0CEB9900DC86E0 /* findhome_20160126203416jipiao.png */ = {isa = PBXFileReference; lastKnownFileType = image.png; path = findhome_20160126203416jipiao.png; sourceTree = "<group>"; };
		36C891EE1D0CEB9900DC86E0 /* findhome_20160126203440zhoubianyou.png */ = {isa = PBXFileReference; lastKnownFileType = image.png; path = findhome_20160126203440zhoubianyou.png; sourceTree = "<group>"; };
		36C891EF1D0CEB9900DC86E0 /* findhome_20160126203542ktv.png */ = {isa = PBXFileReference; lastKnownFileType = image.png; path = findhome_20160126203542ktv.png; sourceTree = "<group>"; };
		36C891F01D0CEB9900DC86E0 /* findhome_20160126203617jianshen.png */ = {isa = PBXFileReference; lastKnownFileType = image.png; path = findhome_20160126203617jianshen.png; sourceTree = "<group>"; };
		36C891F11D0CEB9900DC86E0 /* findhome_20160126203648dujia.png */ = {isa = PBXFileReference; lastKnownFileType = image.png; path = findhome_20160126203648dujia.png; sourceTree = "<group>"; };
		36C891F21D0CEB9900DC86E0 /* findhome_20160126203720gouwu.png */ = {isa = PBXFileReference; lastKnownFileType = image.png; path = findhome_20160126203720gouwu.png; sourceTree = "<group>"; };
		36C891F31D0CEB9900DC86E0 /* findhome_20160126203742aiche.png */ = {isa = PBXFileReference; lastKnownFileType = image.png; path = findhome_20160126203742aiche.png; sourceTree = "<group>"; };
		36C891F41D0CEB9900DC86E0 /* findhome_20160126203812daojia.png */ = {isa = PBXFileReference; lastKnownFileType = image.png; path = findhome_20160126203812daojia.png; sourceTree = "<group>"; };
		36C891F51D0CEB9900DC86E0 /* findhome_20160126203830jiehun.png */ = {isa = PBXFileReference; lastKnownFileType = image.png; path = findhome_20160126203830jiehun.png; sourceTree = "<group>"; };
		36C891F61D0CEB9900DC86E0 /* findhome_20160126203905qinzi.png */ = {isa = PBXFileReference; lastKnownFileType = image.png; path = findhome_20160126203905qinzi.png; sourceTree = "<group>"; };
		36C891F71D0CEB9900DC86E0 /* findhome_20160126203923jiazhuang.png */ = {isa = PBXFileReference; lastKnownFileType = image.png; path = findhome_20160126203923jiazhuang.png; sourceTree = "<group>"; };
		36C891F81D0CEB9900DC86E0 /* findhome_20160126204107yanchu.png */ = {isa = PBXFileReference; lastKnownFileType = image.png; path = findhome_20160126204107yanchu.png; sourceTree = "<group>"; };
		36C891F91D0CEB9900DC86E0 /* findhome_20160126204327yiliao.png */ = {isa = PBXFileReference; lastKnownFileType = image.png; path = findhome_20160126204327yiliao.png; sourceTree = "<group>"; };
		36C891FA1D0CEB9900DC86E0 /* findhome_20160126205135jingguan.png */ = {isa = PBXFileReference; lastKnownFileType = image.png; path = findhome_20160126205135jingguan.png; sourceTree = "<group>"; };
		36C891FB1D0CEB9900DC86E0 /* findhome_20160126205426shenghuofuwu.png */ = {isa = PBXFileReference; lastKnownFileType = image.png; path = findhome_20160126205426shenghuofuwu.png; sourceTree = "<group>"; };
		36C891FC1D0CEB9900DC86E0 /* findhome_20160128153333hangjia.png */ = {isa = PBXFileReference; lastKnownFileType = image.png; path = findhome_20160128153333hangjia.png; sourceTree = "<group>"; };
		36C891FD1D0CEB9900DC86E0 /* findhome_20160204172927huoguo.png */ = {isa = PBXFileReference; lastKnownFileType = image.png; path = findhome_20160204172927huoguo.png; sourceTree = "<group>"; };
		36C891FE1D0CEB9900DC86E0 /* findhome_20160204173331xiaochikuaican.png */ = {isa = PBXFileReference; lastKnownFileType = image.png; path = findhome_20160204173331xiaochikuaican.png; sourceTree = "<group>"; };
		36C891FF1D0CEB9900DC86E0 /* findhome_20160204173511zizhucan.png */ = {isa = PBXFileReference; lastKnownFileType = image.png; path = findhome_20160204173511zizhucan.png; sourceTree = "<group>"; };
		36C892001D0CEB9900DC86E0 /* findhome_20160204184258rihanliaoli.png */ = {isa = PBXFileReference; lastKnownFileType = image.png; path = findhome_20160204184258rihanliaoli.png; sourceTree = "<group>"; };
		36C892011D0CEB9900DC86E0 /* findhome_20160223203656xiawucha.png */ = {isa = PBXFileReference; lastKnownFileType = image.png; path = findhome_20160223203656xiawucha.png; sourceTree = "<group>"; };
		36C892021D0CEB9900DC86E0 /* findhome_dot@2x.png */ = {isa = PBXFileReference; lastKnownFileType = image.png; path = "findhome_dot@2x.png"; sourceTree = "<group>"; };
		36C892031D0CEB9900DC86E0 /* findhome_dot@3x.png */ = {isa = PBXFileReference; lastKnownFileType = image.png; path = "findhome_dot@3x.png"; sourceTree = "<group>"; };
		36C892041D0CEB9900DC86E0 /* findhome_dot_pressed@2x.png */ = {isa = PBXFileReference; lastKnownFileType = image.png; path = "findhome_dot_pressed@2x.png"; sourceTree = "<group>"; };
		36C892051D0CEB9900DC86E0 /* findhome_dot_pressed@3x.png */ = {isa = PBXFileReference; lastKnownFileType = image.png; path = "findhome_dot_pressed@3x.png"; sourceTree = "<group>"; };
		36C892061D0CEB9900DC86E0 /* findhome_more.png */ = {isa = PBXFileReference; lastKnownFileType = image.png; path = findhome_more.png; sourceTree = "<group>"; };
/* End PBXFileReference section */

/* Begin PBXFrameworksBuildPhase section */
		36C891681D0CEAE100DC86E0 /* Frameworks */ = {
			isa = PBXFrameworksBuildPhase;
			buildActionMask = 2147483647;
			files = (
			);
			runOnlyForDeploymentPostprocessing = 0;
		};
/* End PBXFrameworksBuildPhase section */

/* Begin PBXGroup section */
		3606A8BD1D7FA4D800DDF3EF /* OverviewOfAVFoundation */ = {
			isa = PBXGroup;
			children = (
				3606A8CA1D7FACB200DDF3EF /* PureLayout */,
				3606A8BE1D7FA4FC00DDF3EF /* AVFoundationController.h */,
				3606A8BF1D7FA4FC00DDF3EF /* AVFoundationController.m */,
				3606A8C11D7FA6BB00DDF3EF /* QRCodeViewController.h */,
				3606A8C21D7FA6BB00DDF3EF /* QRCodeViewController.m */,
				3606A8C81D7FAC0F00DDF3EF /* line@2x.png */,
				3606A8C41D7FABF200DDF3EF /* contact_scanframe@2x.png */,
				3606A8C51D7FABF200DDF3EF /* contact_scanframe@3x.png */,
				3606A8D71D7FF95200DDF3EF /* prefsIndex.png */,
			);
			name = OverviewOfAVFoundation;
			sourceTree = "<group>";
		};
		3606A8CA1D7FACB200DDF3EF /* PureLayout */ = {
			isa = PBXGroup;
			children = (
				3606A8CB1D7FACB200DDF3EF /* ALView+PureLayout.h */,
				3606A8CC1D7FACB200DDF3EF /* ALView+PureLayout.m */,
				3606A8CD1D7FACB200DDF3EF /* NSArray+PureLayout.h */,
				3606A8CE1D7FACB200DDF3EF /* NSArray+PureLayout.m */,
				3606A8CF1D7FACB200DDF3EF /* NSLayoutConstraint+PureLayout.h */,
				3606A8D01D7FACB200DDF3EF /* NSLayoutConstraint+PureLayout.m */,
				3606A8D11D7FACB200DDF3EF /* PureLayout+Internal.h */,
				3606A8D21D7FACB200DDF3EF /* PureLayout.h */,
				3606A8D31D7FACB200DDF3EF /* PureLayoutDefines.h */,
			);
			path = PureLayout;
			sourceTree = "<group>";
		};
		365149F21D7A64640047BDBC /* Example */ = {
			isa = PBXGroup;
			children = (
				3606A8BD1D7FA4D800DDF3EF /* OverviewOfAVFoundation */,
				36514A9A1D7AB7D20047BDBC /* OverviewOfStructure */,
				36514A731D7A9FF50047BDBC /* CreateNoteView */,
				36514A021D7A74A40047BDBC /* CreateAnimatedView */,
				365149FC1D7A65460047BDBC /* AnimatedImage */,
				365149FB1D7A652E0047BDBC /* GetDeviceAllInfo */,
			);
			path = Example;
			sourceTree = "<group>";
		};
		365149FB1D7A652E0047BDBC /* GetDeviceAllInfo */ = {
			isa = PBXGroup;
			children = (
				365149F61D7A651B0047BDBC /* 启动页_1242x2208.png */,
				365149F71D7A651B0047BDBC /* GetDeviceAllInfo.h */,
				365149F81D7A651B0047BDBC /* GetDeviceAllInfo.m */,
			);
			name = GetDeviceAllInfo;
			sourceTree = "<group>";
		};
		365149FC1D7A65460047BDBC /* AnimatedImage */ = {
			isa = PBXGroup;
			children = (
				365149F31D7A64640047BDBC /* AnimatedImageViewController.h */,
				365149F41D7A64640047BDBC /* AnimatedImageViewController.m */,
			);
			name = AnimatedImage;
			sourceTree = "<group>";
		};
		36514A021D7A74A40047BDBC /* CreateAnimatedView */ = {
			isa = PBXGroup;
			children = (
				36514A061D7A75530047BDBC /* addcamera_image */,
				36514A031D7A74E00047BDBC /* CreateAnimatedViewController.h */,
				36514A041D7A74E00047BDBC /* CreateAnimatedViewController.m */,
			);
			name = CreateAnimatedView;
			sourceTree = "<group>";
		};
		36514A061D7A75530047BDBC /* addcamera_image */ = {
			isa = PBXGroup;
			children = (
				36514A071D7A75530047BDBC /* addcamera_loading10@2x.png */,
				36514A081D7A75530047BDBC /* addcamera_loading10@3x.png */,
				36514A091D7A75530047BDBC /* addcamera_loading11@2x.png */,
				36514A0A1D7A75530047BDBC /* addcamera_loading11@3x.png */,
				36514A0B1D7A75530047BDBC /* addcamera_loading12@2x.png */,
				36514A0C1D7A75530047BDBC /* addcamera_loading12@3x.png */,
				36514A0D1D7A75530047BDBC /* addcamera_loading13@2x.png */,
				36514A0E1D7A75530047BDBC /* addcamera_loading13@3x.png */,
				36514A0F1D7A75530047BDBC /* addcamera_loading1@2x.png */,
				36514A101D7A75530047BDBC /* addcamera_loading1@3x.png */,
				36514A111D7A75530047BDBC /* addcamera_loading2@2x.png */,
				36514A121D7A75530047BDBC /* addcamera_loading2@3x.png */,
				36514A131D7A75530047BDBC /* addcamera_loading3@2x.png */,
				36514A141D7A75530047BDBC /* addcamera_loading3@3x.png */,
				36514A151D7A75530047BDBC /* addcamera_loading4@2x.png */,
				36514A161D7A75530047BDBC /* addcamera_loading4@3x.png */,
				36514A171D7A75530047BDBC /* addcamera_loading5@2x.png */,
				36514A181D7A75530047BDBC /* addcamera_loading5@3x.png */,
				36514A191D7A75530047BDBC /* addcamera_loading6@2x.png */,
				36514A1A1D7A75530047BDBC /* addcamera_loading6@3x.png */,
				36514A1B1D7A75530047BDBC /* addcamera_loading7@2x.png */,
				36514A1C1D7A75530047BDBC /* addcamera_loading7@3x.png */,
				36514A1D1D7A75530047BDBC /* addcamera_loading8@2x.png */,
				36514A1E1D7A75530047BDBC /* addcamera_loading8@3x.png */,
				36514A1F1D7A75530047BDBC /* addcamera_loading9@2x.png */,
				36514A201D7A75530047BDBC /* addcamera_loading9@3x.png */,
			);
			name = addcamera_image;
			path = addcamera;
			sourceTree = "<group>";
		};
		36514A3B1D7A799C0047BDBC /* NSString */ = {
			isa = PBXGroup;
			children = (
				36514A3C1D7A799C0047BDBC /* NSString+Additions.h */,
				36514A3D1D7A799C0047BDBC /* NSString+Additions.m */,
			);
			path = NSString;
			sourceTree = "<group>";
		};
		36514A3E1D7A799C0047BDBC /* UIControl */ = {
			isa = PBXGroup;
			children = (
				36514A3F1D7A799C0047BDBC /* UIControl+Additions.h */,
				36514A401D7A799C0047BDBC /* UIControl+Additions.m */,
			);
			path = UIControl;
			sourceTree = "<group>";
		};
		36514A411D7A799C0047BDBC /* UIImage */ = {
			isa = PBXGroup;
			children = (
				365149FD1D7A68280047BDBC /* UIImage+Extend.h */,
				365149FE1D7A68280047BDBC /* UIImage+Extend.m */,
				36514A421D7A799C0047BDBC /* UIImage+Rotate_Flip.h */,
				36514A431D7A799C0047BDBC /* UIImage+Rotate_Flip.m */,
			);
			path = UIImage;
			sourceTree = "<group>";
		};
		36514A441D7A799C0047BDBC /* UIScreen */ = {
			isa = PBXGroup;
			children = (
				36514A451D7A799C0047BDBC /* UIScreen+Additions.h */,
				36514A461D7A799C0047BDBC /* UIScreen+Additions.m */,
			);
			path = UIScreen;
			sourceTree = "<group>";
		};
		36514A471D7A799C0047BDBC /* UIView */ = {
			isa = PBXGroup;
			children = (
				36514A481D7A799C0047BDBC /* UIView+Extend.h */,
				36514A491D7A799C0047BDBC /* UIView+Extend.m */,
			);
			path = UIView;
			sourceTree = "<group>";
		};
		36514A4F1D7A7A560047BDBC /* MBProgressHUD */ = {
			isa = PBXGroup;
			children = (
				36514A501D7A7A560047BDBC /* MBProgressHUD+Extend.h */,
				36514A511D7A7A560047BDBC /* MBProgressHUD+Extend.m */,
				36514A521D7A7A560047BDBC /* MBProgressHUD.h */,
				36514A531D7A7A560047BDBC /* MBProgressHUD.m */,
			);
			path = MBProgressHUD;
			sourceTree = "<group>";
		};
		36514A541D7A7A560047BDBC /* Toast */ = {
			isa = PBXGroup;
			children = (
				36514A551D7A7A560047BDBC /* UIView+Toast.h */,
				36514A561D7A7A560047BDBC /* UIView+Toast.m */,
			);
			path = Toast;
			sourceTree = "<group>";
		};
		36514A5E1D7A7A970047BDBC /* BlockButton */ = {
			isa = PBXGroup;
			children = (
				36514A5F1D7A7A970047BDBC /* BlockButton.h */,
				36514A601D7A7A970047BDBC /* BlockButton.m */,
			);
			path = BlockButton;
			sourceTree = "<group>";
		};
		36514A641D7A9B1D0047BDBC /* Common */ = {
			isa = PBXGroup;
			children = (
				36514A651D7A9B460047BDBC /* Macros */,
			);
			path = Common;
			sourceTree = "<group>";
		};
		36514A651D7A9B460047BDBC /* Macros */ = {
			isa = PBXGroup;
			children = (
				36514A811D7AA3900047BDBC /* MayerPrefixHeader.pch */,
				3606A8BB1D7FA24800DDF3EF /* Macros.h */,
				3606A8B71D7FA14700DDF3EF /* PathMacros.h */,
				3606A8B81D7FA18600DDF3EF /* UtilsMacros.h */,
				3606A8B61D7FA10C00DDF3EF /* DimensMacros.h */,
				3606A8BA1D7FA20E00DDF3EF /* APIStringMacros.h */,
				3606A8B91D7FA1E300DDF3EF /* NotificationMacros.h */,
				3606A8BC1D7FA31900DDF3EF /* UserBehaviorMacros.h */,
			);
			path = Macros;
			sourceTree = "<group>";
		};
		36514A731D7A9FF50047BDBC /* CreateNoteView */ = {
			isa = PBXGroup;
			children = (
				36514A741D7AA0210047BDBC /* NoteViewController.h */,
				36514A751D7AA0210047BDBC /* NoteViewController.m */,
			);
			name = CreateNoteView;
			sourceTree = "<group>";
		};
		36514A8A1D7AB63D0047BDBC /* Module */ = {
			isa = PBXGroup;
			children = (
				36514A901D7AB63D0047BDBC /* CommonMode.h */,
				36514A911D7AB63D0047BDBC /* CommonMode.m */,
				36514A8B1D7AB63D0047BDBC /* NoteView */,
			);
			path = Module;
			sourceTree = "<group>";
		};
		36514A8B1D7AB63D0047BDBC /* NoteView */ = {
			isa = PBXGroup;
			children = (
				36514A8C1D7AB63D0047BDBC /* checkbox_nor@2x.png */,
				36514A8D1D7AB63D0047BDBC /* checkbox_nor@3x.png */,
				36514A8E1D7AB63D0047BDBC /* checkbox_pay@2x.png */,
				36514A8F1D7AB63D0047BDBC /* checkbox_pay@3x.png */,
				36514A921D7AB63D0047BDBC /* NoteView.h */,
				36514A931D7AB63D0047BDBC /* NoteView.m */,
			);
			path = NoteView;
			sourceTree = "<group>";
		};
		36514A9A1D7AB7D20047BDBC /* OverviewOfStructure */ = {
			isa = PBXGroup;
			children = (
				36514A9E1D7AB8EC0047BDBC /* OverviewStructureController1.h */,
				36514A9F1D7AB8EC0047BDBC /* OverviewStructureController1.m */,
			);
			name = OverviewOfStructure;
			sourceTree = "<group>";
		};
		367B39AC1D0E614900443974 /* FLAnimatedImage */ = {
			isa = PBXGroup;
			children = (
				367B39AD1D0E614900443974 /* FLAnimatedImage.h */,
				367B39AE1D0E614900443974 /* FLAnimatedImage.m */,
				367B39AF1D0E614900443974 /* FLAnimatedImageView.h */,
				367B39B01D0E614900443974 /* FLAnimatedImageView.m */,
				367B39B11D0E614900443974 /* Info.plist */,
				365149EE1D7A60330047BDBC /* README.md */,
			);
			path = FLAnimatedImage;
			sourceTree = "<group>";
		};
		367B39B51D0E622A00443974 /* test-gifs */ = {
			isa = PBXGroup;
			children = (
				367B39B61D0E622A00443974 /* rock.gif */,
			);
			path = "test-gifs";
			sourceTree = "<group>";
		};
		36C891621D0CEAE100DC86E0 = {
			isa = PBXGroup;
			children = (
				36C8916D1D0CEAE100DC86E0 /* Example_Category */,
				36C8916C1D0CEAE100DC86E0 /* Products */,
			);
			sourceTree = "<group>";
		};
		36C8916C1D0CEAE100DC86E0 /* Products */ = {
			isa = PBXGroup;
			children = (
				36C8916B1D0CEAE100DC86E0 /* Example_Category.app */,
			);
			name = Products;
			sourceTree = "<group>";
		};
		36C8916D1D0CEAE100DC86E0 /* Example_Category */ = {
			isa = PBXGroup;
			children = (
				36514A8A1D7AB63D0047BDBC /* Module */,
				36514A641D7A9B1D0047BDBC /* Common */,
				36C891D71D0CEB6F00DC86E0 /* Venders */,
				36C891851D0CEB0000DC86E0 /* Category */,
				365149F21D7A64640047BDBC /* Example */,
				36C891711D0CEAE100DC86E0 /* AppDelegate.h */,
				36C891721D0CEAE100DC86E0 /* AppDelegate.m */,
				36C891741D0CEAE100DC86E0 /* ViewController.h */,
				36C891751D0CEAE100DC86E0 /* ViewController.m */,
				36514A001D7A6C8A0047BDBC /* README.md */,
				36C8916E1D0CEAE100DC86E0 /* Supporting Files */,
			);
			path = Example_Category;
			sourceTree = "<group>";
		};
		36C8916E1D0CEAE100DC86E0 /* Supporting Files */ = {
			isa = PBXGroup;
			children = (
				367B39B51D0E622A00443974 /* test-gifs */,
				36C891E31D0CEB9900DC86E0 /* Images */,
				36C8916F1D0CEAE100DC86E0 /* main.m */,
				36C8917F1D0CEAE100DC86E0 /* Info.plist */,
				36C891771D0CEAE100DC86E0 /* Main.storyboard */,
				36C8917A1D0CEAE100DC86E0 /* Assets.xcassets */,
				36C8917C1D0CEAE100DC86E0 /* LaunchScreen.storyboard */,
			);
			name = "Supporting Files";
			sourceTree = "<group>";
		};
		36C891851D0CEB0000DC86E0 /* Category */ = {
			isa = PBXGroup;
			children = (
				36514A3B1D7A799C0047BDBC /* NSString */,
				36514A3E1D7A799C0047BDBC /* UIControl */,
				36514A411D7A799C0047BDBC /* UIImage */,
				36514A441D7A799C0047BDBC /* UIScreen */,
				36514A471D7A799C0047BDBC /* UIView */,
				36782FFF1D1D372C00D294DD /* NSObject+modelConvertDic.h */,
				367830001D1D372C00D294DD /* NSObject+modelConvertDic.m */,
			);
			path = Category;
			sourceTree = "<group>";
		};
		36C891D71D0CEB6F00DC86E0 /* Venders */ = {
			isa = PBXGroup;
			children = (
				36514A5E1D7A7A970047BDBC /* BlockButton */,
				36514A4F1D7A7A560047BDBC /* MBProgressHUD */,
				36514A541D7A7A560047BDBC /* Toast */,
				367B39AC1D0E614900443974 /* FLAnimatedImage */,
				36C891D81D0CEB6F00DC86E0 /* FDFullscreenPopGesture */,
			);
			path = Venders;
			sourceTree = "<group>";
		};
		36C891D81D0CEB6F00DC86E0 /* FDFullscreenPopGesture */ = {
			isa = PBXGroup;
			children = (
				36C891D91D0CEB6F00DC86E0 /* UINavigationController+FDFullscreenPopGesture.h */,
				36C891DA1D0CEB6F00DC86E0 /* UINavigationController+FDFullscreenPopGesture.m */,
				365149F01D7A61560047BDBC /* README.md */,
			);
			path = FDFullscreenPopGesture;
			sourceTree = "<group>";
		};
		36C891E31D0CEB9900DC86E0 /* Images */ = {
			isa = PBXGroup;
			children = (
				36C891E41D0CEB9900DC86E0 /* Default@3x.png */,
				36C891E51D0CEB9900DC86E0 /* DZDP_Home */,
			);
			path = Images;
			sourceTree = "<group>";
		};
		36C891E51D0CEB9900DC86E0 /* DZDP_Home */ = {
			isa = PBXGroup;
			children = (
				36C891E61D0CEB9900DC86E0 /* findhome_1455525720807.png */,
				36C891E71D0CEB9900DC86E0 /* findhome_20160126194705meishi.png */,
				36C891E81D0CEB9900DC86E0 /* findhome_20160126202805dianying.png */,
				36C891E91D0CEB9900DC86E0 /* findhome_20160126202946liren.png */,
				36C891EA1D0CEB9900DC86E0 /* findhome_20160126203103xiuxianyule.png */,
				36C891EB1D0CEB9900DC86E0 /* findhome_20160126203251waimai.png */,
				36C891EC1D0CEB9900DC86E0 /* findhome_20160126203337jiudian.png */,
				36C891ED1D0CEB9900DC86E0 /* findhome_20160126203416jipiao.png */,
				36C891EE1D0CEB9900DC86E0 /* findhome_20160126203440zhoubianyou.png */,
				36C891EF1D0CEB9900DC86E0 /* findhome_20160126203542ktv.png */,
				36C891F01D0CEB9900DC86E0 /* findhome_20160126203617jianshen.png */,
				36C891F11D0CEB9900DC86E0 /* findhome_20160126203648dujia.png */,
				36C891F21D0CEB9900DC86E0 /* findhome_20160126203720gouwu.png */,
				36C891F31D0CEB9900DC86E0 /* findhome_20160126203742aiche.png */,
				36C891F41D0CEB9900DC86E0 /* findhome_20160126203812daojia.png */,
				36C891F51D0CEB9900DC86E0 /* findhome_20160126203830jiehun.png */,
				36C891F61D0CEB9900DC86E0 /* findhome_20160126203905qinzi.png */,
				36C891F71D0CEB9900DC86E0 /* findhome_20160126203923jiazhuang.png */,
				36C891F81D0CEB9900DC86E0 /* findhome_20160126204107yanchu.png */,
				36C891F91D0CEB9900DC86E0 /* findhome_20160126204327yiliao.png */,
				36C891FA1D0CEB9900DC86E0 /* findhome_20160126205135jingguan.png */,
				36C891FB1D0CEB9900DC86E0 /* findhome_20160126205426shenghuofuwu.png */,
				36C891FC1D0CEB9900DC86E0 /* findhome_20160128153333hangjia.png */,
				36C891FD1D0CEB9900DC86E0 /* findhome_20160204172927huoguo.png */,
				36C891FE1D0CEB9900DC86E0 /* findhome_20160204173331xiaochikuaican.png */,
				36C891FF1D0CEB9900DC86E0 /* findhome_20160204173511zizhucan.png */,
				36C892001D0CEB9900DC86E0 /* findhome_20160204184258rihanliaoli.png */,
				36C892011D0CEB9900DC86E0 /* findhome_20160223203656xiawucha.png */,
				36C892021D0CEB9900DC86E0 /* findhome_dot@2x.png */,
				36C892031D0CEB9900DC86E0 /* findhome_dot@3x.png */,
				36C892041D0CEB9900DC86E0 /* findhome_dot_pressed@2x.png */,
				36C892051D0CEB9900DC86E0 /* findhome_dot_pressed@3x.png */,
				36C892061D0CEB9900DC86E0 /* findhome_more.png */,
			);
			path = DZDP_Home;
			sourceTree = "<group>";
		};
/* End PBXGroup section */

/* Begin PBXNativeTarget section */
		36C8916A1D0CEAE100DC86E0 /* Example_Category */ = {
			isa = PBXNativeTarget;
			buildConfigurationList = 36C891821D0CEAE100DC86E0 /* Build configuration list for PBXNativeTarget "Example_Category" */;
			buildPhases = (
				36C891671D0CEAE100DC86E0 /* Sources */,
				36C891681D0CEAE100DC86E0 /* Frameworks */,
				36C891691D0CEAE100DC86E0 /* Resources */,
			);
			buildRules = (
			);
			dependencies = (
			);
			name = Example_Category;
			productName = Example_Category;
			productReference = 36C8916B1D0CEAE100DC86E0 /* Example_Category.app */;
			productType = "com.apple.product-type.application";
		};
/* End PBXNativeTarget section */

/* Begin PBXProject section */
		36C891631D0CEAE100DC86E0 /* Project object */ = {
			isa = PBXProject;
			attributes = {
				LastUpgradeCheck = 0720;
				ORGANIZATIONNAME = MCL;
				TargetAttributes = {
					36C8916A1D0CEAE100DC86E0 = {
						CreatedOnToolsVersion = 7.2;
					};
				};
			};
			buildConfigurationList = 36C891661D0CEAE100DC86E0 /* Build configuration list for PBXProject "Example_Category" */;
			compatibilityVersion = "Xcode 3.2";
			developmentRegion = English;
			hasScannedForEncodings = 0;
			knownRegions = (
				en,
				Base,
			);
			mainGroup = 36C891621D0CEAE100DC86E0;
			productRefGroup = 36C8916C1D0CEAE100DC86E0 /* Products */;
			projectDirPath = "";
			projectRoot = "";
			targets = (
				36C8916A1D0CEAE100DC86E0 /* Example_Category */,
			);
		};
/* End PBXProject section */

/* Begin PBXResourcesBuildPhase section */
		36C891691D0CEAE100DC86E0 /* Resources */ = {
			isa = PBXResourcesBuildPhase;
			buildActionMask = 2147483647;
			files = (
				36C892081D0CEB9900DC86E0 /* findhome_1455525720807.png in Resources */,
				3606A8C71D7FABF200DDF3EF /* contact_scanframe@3x.png in Resources */,
				36C892111D0CEB9900DC86E0 /* findhome_20160126203542ktv.png in Resources */,
				36C8920E1D0CEB9900DC86E0 /* findhome_20160126203337jiudian.png in Resources */,
				36C892161D0CEB9900DC86E0 /* findhome_20160126203812daojia.png in Resources */,
				36C892281D0CEB9900DC86E0 /* findhome_more.png in Resources */,
				36C8921F1D0CEB9900DC86E0 /* findhome_20160204172927huoguo.png in Resources */,
				36C892191D0CEB9900DC86E0 /* findhome_20160126203923jiazhuang.png in Resources */,
				36C892181D0CEB9900DC86E0 /* findhome_20160126203905qinzi.png in Resources */,
				36C892211D0CEB9900DC86E0 /* findhome_20160204173511zizhucan.png in Resources */,
				36514A241D7A75530047BDBC /* addcamera_loading11@3x.png in Resources */,
				36C892141D0CEB9900DC86E0 /* findhome_20160126203720gouwu.png in Resources */,
				36514A361D7A75530047BDBC /* addcamera_loading7@3x.png in Resources */,
				36C8921D1D0CEB9900DC86E0 /* findhome_20160126205426shenghuofuwu.png in Resources */,
				36514A251D7A75530047BDBC /* addcamera_loading12@2x.png in Resources */,
				36C892131D0CEB9900DC86E0 /* findhome_20160126203648dujia.png in Resources */,
				36C892251D0CEB9900DC86E0 /* findhome_dot@3x.png in Resources */,
				36C8920C1D0CEB9900DC86E0 /* findhome_20160126203103xiuxianyule.png in Resources */,
				36514A2C1D7A75530047BDBC /* addcamera_loading2@3x.png in Resources */,
				36514A951D7AB63D0047BDBC /* checkbox_nor@3x.png in Resources */,
				36C892151D0CEB9900DC86E0 /* findhome_20160126203742aiche.png in Resources */,
				36514A301D7A75530047BDBC /* addcamera_loading4@3x.png in Resources */,
				36514A971D7AB63D0047BDBC /* checkbox_pay@3x.png in Resources */,
				36C8920D1D0CEB9900DC86E0 /* findhome_20160126203251waimai.png in Resources */,
				36514A3A1D7A75530047BDBC /* addcamera_loading9@3x.png in Resources */,
				367B39B71D0E622A00443974 /* rock.gif in Resources */,
				36C8917E1D0CEAE100DC86E0 /* LaunchScreen.storyboard in Resources */,
				36514A371D7A75530047BDBC /* addcamera_loading8@2x.png in Resources */,
				36514A231D7A75530047BDBC /* addcamera_loading11@2x.png in Resources */,
				36C892261D0CEB9900DC86E0 /* findhome_dot_pressed@2x.png in Resources */,
				36514A961D7AB63D0047BDBC /* checkbox_pay@2x.png in Resources */,
				36514A351D7A75530047BDBC /* addcamera_loading7@2x.png in Resources */,
				36514A2E1D7A75530047BDBC /* addcamera_loading3@3x.png in Resources */,
				36C8921C1D0CEB9900DC86E0 /* findhome_20160126205135jingguan.png in Resources */,
				365149F91D7A651B0047BDBC /* 启动页_1242x2208.png in Resources */,
				36C892221D0CEB9900DC86E0 /* findhome_20160204184258rihanliaoli.png in Resources */,
				36514A341D7A75530047BDBC /* addcamera_loading6@3x.png in Resources */,
				36514A941D7AB63D0047BDBC /* checkbox_nor@2x.png in Resources */,
				36C8920B1D0CEB9900DC86E0 /* findhome_20160126202946liren.png in Resources */,
				36C892271D0CEB9900DC86E0 /* findhome_dot_pressed@3x.png in Resources */,
				3606A8C91D7FAC0F00DDF3EF /* line@2x.png in Resources */,
				36514A221D7A75530047BDBC /* addcamera_loading10@3x.png in Resources */,
				36514A271D7A75530047BDBC /* addcamera_loading13@2x.png in Resources */,
				36C892241D0CEB9900DC86E0 /* findhome_dot@2x.png in Resources */,
				36514A311D7A75530047BDBC /* addcamera_loading5@2x.png in Resources */,
				36C8920F1D0CEB9900DC86E0 /* findhome_20160126203416jipiao.png in Resources */,
				36514A331D7A75530047BDBC /* addcamera_loading6@2x.png in Resources */,
				36514A211D7A75530047BDBC /* addcamera_loading10@2x.png in Resources */,
				3606A8C61D7FABF200DDF3EF /* contact_scanframe@2x.png in Resources */,
				36C8921B1D0CEB9900DC86E0 /* findhome_20160126204327yiliao.png in Resources */,
				36C892091D0CEB9900DC86E0 /* findhome_20160126194705meishi.png in Resources */,
				36514A291D7A75530047BDBC /* addcamera_loading1@2x.png in Resources */,
				36C892231D0CEB9900DC86E0 /* findhome_20160223203656xiawucha.png in Resources */,
				36C8917B1D0CEAE100DC86E0 /* Assets.xcassets in Resources */,
				367B39B41D0E614900443974 /* Info.plist in Resources */,
				36C8920A1D0CEB9900DC86E0 /* findhome_20160126202805dianying.png in Resources */,
				36514A2F1D7A75530047BDBC /* addcamera_loading4@2x.png in Resources */,
				36514A2A1D7A75530047BDBC /* addcamera_loading1@3x.png in Resources */,
				36514A391D7A75530047BDBC /* addcamera_loading9@2x.png in Resources */,
				36514A321D7A75530047BDBC /* addcamera_loading5@3x.png in Resources */,
				36C8921E1D0CEB9900DC86E0 /* findhome_20160128153333hangjia.png in Resources */,
				36C891791D0CEAE100DC86E0 /* Main.storyboard in Resources */,
				36514A2D1D7A75530047BDBC /* addcamera_loading3@2x.png in Resources */,
				36C892101D0CEB9900DC86E0 /* findhome_20160126203440zhoubianyou.png in Resources */,
				36C892171D0CEB9900DC86E0 /* findhome_20160126203830jiehun.png in Resources */,
				36C892201D0CEB9900DC86E0 /* findhome_20160204173331xiaochikuaican.png in Resources */,
				36514A281D7A75530047BDBC /* addcamera_loading13@3x.png in Resources */,
				3606A8D81D7FF95200DDF3EF /* prefsIndex.png in Resources */,
				36514A2B1D7A75530047BDBC /* addcamera_loading2@2x.png in Resources */,
				36C8921A1D0CEB9900DC86E0 /* findhome_20160126204107yanchu.png in Resources */,
				36C892121D0CEB9900DC86E0 /* findhome_20160126203617jianshen.png in Resources */,
				36514A261D7A75530047BDBC /* addcamera_loading12@3x.png in Resources */,
				36514A381D7A75530047BDBC /* addcamera_loading8@3x.png in Resources */,
				36C892071D0CEB9900DC86E0 /* Default@3x.png in Resources */,
			);
			runOnlyForDeploymentPostprocessing = 0;
		};
/* End PBXResourcesBuildPhase section */

/* Begin PBXSourcesBuildPhase section */
		36C891671D0CEAE100DC86E0 /* Sources */ = {
			isa = PBXSourcesBuildPhase;
			buildActionMask = 2147483647;
			files = (
				36514A761D7AA0210047BDBC /* NoteViewController.m in Sources */,
				36C891761D0CEAE100DC86E0 /* ViewController.m in Sources */,
				36514AA01D7AB8EC0047BDBC /* OverviewStructureController1.m in Sources */,
				3606A8D61D7FACB200DDF3EF /* NSLayoutConstraint+PureLayout.m in Sources */,
				36C891731D0CEAE100DC86E0 /* AppDelegate.m in Sources */,
				367B39B31D0E614900443974 /* FLAnimatedImageView.m in Sources */,
				36514A981D7AB63D0047BDBC /* CommonMode.m in Sources */,
				367B39B21D0E614900443974 /* FLAnimatedImage.m in Sources */,
				36514A991D7AB63D0047BDBC /* NoteView.m in Sources */,
				365149F51D7A64640047BDBC /* AnimatedImageViewController.m in Sources */,
				36C891701D0CEAE100DC86E0 /* main.m in Sources */,
				365149F11D7A61560047BDBC /* README.md in Sources */,
				36514A611D7A7A970047BDBC /* BlockButton.m in Sources */,
				367830011D1D372C00D294DD /* NSObject+modelConvertDic.m in Sources */,
				3606A8D41D7FACB200DDF3EF /* ALView+PureLayout.m in Sources */,
				36514A4C1D7A799C0047BDBC /* UIImage+Rotate_Flip.m in Sources */,
				36514A4A1D7A799C0047BDBC /* NSString+Additions.m in Sources */,
				36514A4B1D7A799C0047BDBC /* UIControl+Additions.m in Sources */,
				365149FF1D7A68280047BDBC /* UIImage+Extend.m in Sources */,
				36514A051D7A74E00047BDBC /* CreateAnimatedViewController.m in Sources */,
				36514A581D7A7A560047BDBC /* MBProgressHUD.m in Sources */,
				36514A4E1D7A799C0047BDBC /* UIView+Extend.m in Sources */,
				3606A8D51D7FACB200DDF3EF /* NSArray+PureLayout.m in Sources */,
				3606A8C31D7FA6BB00DDF3EF /* QRCodeViewController.m in Sources */,
				36514A4D1D7A799C0047BDBC /* UIScreen+Additions.m in Sources */,
				36514A591D7A7A560047BDBC /* UIView+Toast.m in Sources */,
				36C891DE1D0CEB6F00DC86E0 /* UINavigationController+FDFullscreenPopGesture.m in Sources */,
				365149EF1D7A60330047BDBC /* README.md in Sources */,
				36514A571D7A7A560047BDBC /* MBProgressHUD+Extend.m in Sources */,
				3606A8C01D7FA4FC00DDF3EF /* AVFoundationController.m in Sources */,
				36514A011D7A6C8A0047BDBC /* README.md in Sources */,
				365149FA1D7A651B0047BDBC /* GetDeviceAllInfo.m in Sources */,
			);
			runOnlyForDeploymentPostprocessing = 0;
		};
/* End PBXSourcesBuildPhase section */

/* Begin PBXVariantGroup section */
		36C891771D0CEAE100DC86E0 /* Main.storyboard */ = {
			isa = PBXVariantGroup;
			children = (
				36C891781D0CEAE100DC86E0 /* Base */,
			);
			name = Main.storyboard;
			sourceTree = "<group>";
		};
		36C8917C1D0CEAE100DC86E0 /* LaunchScreen.storyboard */ = {
			isa = PBXVariantGroup;
			children = (
				36C8917D1D0CEAE100DC86E0 /* Base */,
			);
			name = LaunchScreen.storyboard;
			sourceTree = "<group>";
		};
/* End PBXVariantGroup section */

/* Begin XCBuildConfiguration section */
		36C891801D0CEAE100DC86E0 /* Debug */ = {
			isa = XCBuildConfiguration;
			buildSettings = {
				ALWAYS_SEARCH_USER_PATHS = NO;
				CLANG_CXX_LANGUAGE_STANDARD = "gnu++0x";
				CLANG_CXX_LIBRARY = "libc++";
				CLANG_ENABLE_MODULES = YES;
				CLANG_ENABLE_OBJC_ARC = YES;
				CLANG_WARN_BOOL_CONVERSION = YES;
				CLANG_WARN_CONSTANT_CONVERSION = YES;
				CLANG_WARN_DIRECT_OBJC_ISA_USAGE = YES_ERROR;
				CLANG_WARN_EMPTY_BODY = YES;
				CLANG_WARN_ENUM_CONVERSION = YES;
				CLANG_WARN_INT_CONVERSION = YES;
				CLANG_WARN_OBJC_ROOT_CLASS = YES_ERROR;
				CLANG_WARN_UNREACHABLE_CODE = YES;
				CLANG_WARN__DUPLICATE_METHOD_MATCH = YES;
				"CODE_SIGN_IDENTITY[sdk=iphoneos*]" = "iPhone Developer";
				COPY_PHASE_STRIP = NO;
				DEBUG_INFORMATION_FORMAT = dwarf;
				ENABLE_STRICT_OBJC_MSGSEND = YES;
				ENABLE_TESTABILITY = YES;
				GCC_C_LANGUAGE_STANDARD = gnu99;
				GCC_DYNAMIC_NO_PIC = NO;
				GCC_NO_COMMON_BLOCKS = YES;
				GCC_OPTIMIZATION_LEVEL = 0;
				GCC_PREPROCESSOR_DEFINITIONS = (
					"DEBUG=1",
					"$(inherited)",
				);
				GCC_WARN_64_TO_32_BIT_CONVERSION = YES;
				GCC_WARN_ABOUT_RETURN_TYPE = YES_ERROR;
				GCC_WARN_UNDECLARED_SELECTOR = YES;
				GCC_WARN_UNINITIALIZED_AUTOS = YES_AGGRESSIVE;
				GCC_WARN_UNUSED_FUNCTION = YES;
				GCC_WARN_UNUSED_VARIABLE = YES;
				IPHONEOS_DEPLOYMENT_TARGET = 9.2;
				MTL_ENABLE_DEBUG_INFO = YES;
				ONLY_ACTIVE_ARCH = YES;
				SDKROOT = iphoneos;
			};
			name = Debug;
		};
		36C891811D0CEAE100DC86E0 /* Release */ = {
			isa = XCBuildConfiguration;
			buildSettings = {
				ALWAYS_SEARCH_USER_PATHS = NO;
				CLANG_CXX_LANGUAGE_STANDARD = "gnu++0x";
				CLANG_CXX_LIBRARY = "libc++";
				CLANG_ENABLE_MODULES = YES;
				CLANG_ENABLE_OBJC_ARC = YES;
				CLANG_WARN_BOOL_CONVERSION = YES;
				CLANG_WARN_CONSTANT_CONVERSION = YES;
				CLANG_WARN_DIRECT_OBJC_ISA_USAGE = YES_ERROR;
				CLANG_WARN_EMPTY_BODY = YES;
				CLANG_WARN_ENUM_CONVERSION = YES;
				CLANG_WARN_INT_CONVERSION = YES;
				CLANG_WARN_OBJC_ROOT_CLASS = YES_ERROR;
				CLANG_WARN_UNREACHABLE_CODE = YES;
				CLANG_WARN__DUPLICATE_METHOD_MATCH = YES;
				"CODE_SIGN_IDENTITY[sdk=iphoneos*]" = "iPhone Developer";
				COPY_PHASE_STRIP = NO;
				DEBUG_INFORMATION_FORMAT = "dwarf-with-dsym";
				ENABLE_NS_ASSERTIONS = NO;
				ENABLE_STRICT_OBJC_MSGSEND = YES;
				GCC_C_LANGUAGE_STANDARD = gnu99;
				GCC_NO_COMMON_BLOCKS = YES;
				GCC_WARN_64_TO_32_BIT_CONVERSION = YES;
				GCC_WARN_ABOUT_RETURN_TYPE = YES_ERROR;
				GCC_WARN_UNDECLARED_SELECTOR = YES;
				GCC_WARN_UNINITIALIZED_AUTOS = YES_AGGRESSIVE;
				GCC_WARN_UNUSED_FUNCTION = YES;
				GCC_WARN_UNUSED_VARIABLE = YES;
				IPHONEOS_DEPLOYMENT_TARGET = 9.2;
				MTL_ENABLE_DEBUG_INFO = NO;
				SDKROOT = iphoneos;
				VALIDATE_PRODUCT = YES;
			};
			name = Release;
		};
		36C891831D0CEAE100DC86E0 /* Debug */ = {
			isa = XCBuildConfiguration;
			buildSettings = {
				ASSETCATALOG_COMPILER_APPICON_NAME = AppIcon;
				GCC_PRECOMPILE_PREFIX_HEADER = YES;
				GCC_PREFIX_HEADER = "$(SRCROOT)/Example_Category/Common/Macros/MayerPrefixHeader.pch";
				INFOPLIST_FILE = Example_Category/Info.plist;
				IPHONEOS_DEPLOYMENT_TARGET = 6.0;
				LD_RUNPATH_SEARCH_PATHS = "$(inherited) @executable_path/Frameworks";
				PRODUCT_BUNDLE_IDENTIFIER = "com.test.Example-Category";
				PRODUCT_NAME = "$(TARGET_NAME)";
			};
			name = Debug;
		};
		36C891841D0CEAE100DC86E0 /* Release */ = {
			isa = XCBuildConfiguration;
			buildSettings = {
				ASSETCATALOG_COMPILER_APPICON_NAME = AppIcon;
				GCC_PRECOMPILE_PREFIX_HEADER = YES;
				GCC_PREFIX_HEADER = "$(SRCROOT)/Example_Category/Common/Macros/MayerPrefixHeader.pch";
				INFOPLIST_FILE = Example_Category/Info.plist;
				IPHONEOS_DEPLOYMENT_TARGET = 6.0;
				LD_RUNPATH_SEARCH_PATHS = "$(inherited) @executable_path/Frameworks";
				PRODUCT_BUNDLE_IDENTIFIER = "com.test.Example-Category";
				PRODUCT_NAME = "$(TARGET_NAME)";
			};
			name = Release;
		};
/* End XCBuildConfiguration section */

/* Begin XCConfigurationList section */
		36C891661D0CEAE100DC86E0 /* Build configuration list for PBXProject "Example_Category" */ = {
			isa = XCConfigurationList;
			buildConfigurations = (
				36C891801D0CEAE100DC86E0 /* Debug */,
				36C891811D0CEAE100DC86E0 /* Release */,
			);
			defaultConfigurationIsVisible = 0;
			defaultConfigurationName = Release;
		};
		36C891821D0CEAE100DC86E0 /* Build configuration list for PBXNativeTarget "Example_Category" */ = {
			isa = XCConfigurationList;
			buildConfigurations = (
				36C891831D0CEAE100DC86E0 /* Debug */,
				36C891841D0CEAE100DC86E0 /* Release */,
			);
			defaultConfigurationIsVisible = 0;
			defaultConfigurationName = Release;
		};
/* End XCConfigurationList section */
	};
	rootObject = 36C891631D0CEAE100DC86E0 /* Project object */;
}
